
Microsoft Visual Studio Solution File, Format Version 12.00
# Visual Studio 15
VisualStudioVersion = 15.0.28307.1705
MinimumVisualStudioVersion = 10.0.40219.1
Project("{8BC9CEB8-8B4A-11D0-8D11-00A0C91BC942}") = "win32", "win32\win32.vcxproj", "{4250449A-7930-4B16-BD92-AC56FF8C823E}"
EndProject
Project("{8BC9CEB8-8B4A-11D0-8D11-00A0C91BC942}") = "win32_02", "win32_02\win32_02.vcxproj", "{C2B05806-2E5D-470B-B602-1F1EC8ED82FC}"
EndProject
Project("{8BC9CEB8-8B4A-11D0-8D11-00A0C91BC942}") = "win32_03", "win32_03\win32_03.vcxproj", "{0D38F61B-9DA5-436F-8CD3-80C527832303}"
EndProject
Project("{8BC9CEB8-8B4A-11D0-8D11-00A0C91BC942}") = "win32_04", "win32_04\win32_04.vcxproj", "{3521A4EB-8053-4FFA-AEBA-7675DAACE3E0}"
EndProject
Project("{8BC9CEB8-8B4A-11D0-8D11-00A0C91BC942}") = "win32_05", "win32_05\win32_05.vcxproj", "{1AAF488D-4F87-418D-A9E9-8834129FAE88}"
EndProject
Project("{8BC9CEB8-8B4A-11D0-8D11-00A0C91BC942}") = "win32_timer", "win32_timer\win32_timer.vcxproj", "{C5F5160B-2142-47E1-96D6-69DD3D6467E8}"
EndProject
Global
	GlobalSection(SolutionConfigurationPlatforms) = preSolution
		Debug|x64 = Debug|x64
		Debug|x86 = Debug|x86
		Release|x64 = Release|x64
		Release|x86 = Release|x86
	EndGlobalSection
	GlobalSection(ProjectConfigurationPlatforms) = postSolution
		{4250449A-7930-4B16-BD92-AC56FF8C823E}.Debug|x64.ActiveCfg = Debug|x64
		{4250449A-7930-4B16-BD92-AC56FF8C823E}.Debug|x64.Build.0 = Debug|x64
		{4250449A-7930-4B16-BD92-AC56FF8C823E}.Debug|x86.ActiveCfg = Debug|Win32
		{4250449A-7930-4B16-BD92-AC56FF8C823E}.Debug|x86.Build.0 = Debug|Win32
		{4250449A-7930-4B16-BD92-AC56FF8C823E}.Release|x64.ActiveCfg = Release|x64
		{4250449A-7930-4B16-BD92-AC56FF8C823E}.Release|x64.Build.0 = Release|x64
		{4250449A-7930-4B16-BD92-AC56FF8C823E}.Release|x86.ActiveCfg = Release|Win32
		{4250449A-7930-4B16-BD92-AC56FF8C823E}.Release|x86.Build.0 = Release|Win32
		{C2B05806-2E5D-470B-B602-1F1EC8ED82FC}.Debug|x64.ActiveCfg = Debug|x64
		{C2B05806-2E5D-470B-B602-1F1EC8ED82FC}.Debug|x64.Build.0 = Debug|x64
		{C2B05806-2E5D-470B-B602-1F1EC8ED82FC}.Debug|x86.ActiveCfg = Debug|Win32
		{C2B05806-2E5D-470B-B602-1F1EC8ED82FC}.Debug|x86.Build.0 = Debug|Win32
		{C2B05806-2E5D-470B-B602-1F1EC8ED82FC}.Release|x64.ActiveCfg = Release|x64
		{C2B05806-2E5D-470B-B602-1F1EC8ED82FC}.Release|x64.Build.0 = Release|x64
		{C2B05806-2E5D-470B-B602-1F1EC8ED82FC}.Release|x86.ActiveCfg = Release|Win32
		{C2B05806-2E5D-470B-B602-1F1EC8ED82FC}.Release|x86.Build.0 = Release|Win32
		{0D38F61B-9DA5-436F-8CD3-80C527832303}.Debug|x64.ActiveCfg = Debug|x64
		{0D38F61B-9DA5-436F-8CD3-80C527832303}.Debug|x64.Build.0 = Debug|x64
		{0D38F61B-9DA5-436F-8CD3-80C527832303}.Debug|x86.ActiveCfg = Debug|Win32
		{0D38F61B-9DA5-436F-8CD3-80C527832303}.Debug|x86.Build.0 = Debug|Win32
		{0D38F61B-9DA5-436F-8CD3-80C527832303}.Release|x64.ActiveCfg = Release|x64
		{0D38F61B-9DA5-436F-8CD3-80C527832303}.Release|x64.Build.0 = Release|x64
		{0D38F61B-9DA5-436F-8CD3-80C527832303}.Release|x86.ActiveCfg = Release|Win32
		{0D38F61B-9DA5-436F-8CD3-80C527832303}.Release|x86.Build.0 = Release|Win32
		{3521A4EB-8053-4FFA-AEBA-7675DAACE3E0}.Debug|x64.ActiveCfg = Debug|x64
		{3521A4EB-8053-4FFA-AEBA-7675DAACE3E0}.Debug|x64.Build.0 = Debug|x64
		{3521A4EB-8053-4FFA-AEBA-7675DAACE3E0}.Debug|x86.ActiveCfg = Debug|Win32
		{3521A4EB-8053-4FFA-AEBA-7675DAACE3E0}.Debug|x86.Build.0 = Debug|Win32
		{3521A4EB-8053-4FFA-AEBA-7675DAACE3E0}.Release|x64.ActiveCfg = Release|x64
		{3521A4EB-8053-4FFA-AEBA-7675DAACE3E0}.Release|x64.Build.0 = Release|x64
		{3521A4EB-8053-4FFA-AEBA-7675DAACE3E0}.Release|x86.ActiveCfg = Release|Win32
		{3521A4EB-8053-4FFA-AEBA-7675DAACE3E0}.Release|x86.Build.0 = Release|Win32
		{1AAF488D-4F87-418D-A9E9-8834129FAE88}.Debug|x64.ActiveCfg = Debug|x64
		{1AAF488D-4F87-418D-A9E9-8834129FAE88}.Debug|x64.Build.0 = Debug|x64
		{1AAF488D-4F87-418D-A9E9-8834129FAE88}.Debug|x86.ActiveCfg = Debug|Win32
		{1AAF488D-4F87-418D-A9E9-8834129FAE88}.Debug|x86.Build.0 = Debug|Win32
		{1AAF488D-4F87-418D-A9E9-8834129FAE88}.Release|x64.ActiveCfg = Release|x64
		{1AAF488D-4F87-418D-A9E9-8834129FAE88}.Release|x64.Build.0 = Release|x64
		{1AAF488D-4F87-418D-A9E9-8834129FAE88}.Release|x86.ActiveCfg = Release|Win32
		{1AAF488D-4F87-418D-A9E9-8834129FAE88}.Release|x86.Build.0 = Release|Win32
		{C5F5160B-2142-47E1-96D6-69DD3D6467E8}.Debug|x64.ActiveCfg = Debug|x64
		{C5F5160B-2142-47E1-96D6-69DD3D6467E8}.Debug|x64.Build.0 = Debug|x64
		{C5F5160B-2142-47E1-96D6-69DD3D6467E8}.Debug|x86.ActiveCfg = Debug|Win32
		{C5F5160B-2142-47E1-96D6-69DD3D6467E8}.Debug|x86.Build.0 = Debug|Win32
		{C5F5160B-2142-47E1-96D6-69DD3D6467E8}.Release|x64.ActiveCfg = Release|x64
		{C5F5160B-2142-47E1-96D6-69DD3D6467E8}.Release|x64.Build.0 = Release|x64
		{C5F5160B-2142-47E1-96D6-69DD3D6467E8}.Release|x86.ActiveCfg = Release|Win32
		{C5F5160B-2142-47E1-96D6-69DD3D6467E8}.Release|x86.Build.0 = Release|Win32
	EndGlobalSection
	GlobalSection(SolutionProperties) = preSolution
		HideSolutionNode = FALSE
	EndGlobalSection
	GlobalSection(ExtensibilityGlobals) = postSolution
		SolutionGuid = {2B565693-A8F5-4315-BF2F-6467B06B1DB9}
	EndGlobalSection
EndGlobal
